
Microsoft Visual Studio Solution File, Format Version 12.00
# Visual Studio Version 17
VisualStudioVersion = 17.10.35027.167
MinimumVisualStudioVersion = 10.0.40219.1
Project("{FAE04EC0-301F-11D3-BF4B-00C04F79EFBC}") = "DAL", "DAL\DAL.csproj", "{0FC6089A-1C2C-42C8-A09C-5885F0C3592C}"
EndProject
Project("{FAE04EC0-301F-11D3-BF4B-00C04F79EFBC}") = "BLL", "BLL\BLL.csproj", "{1DA84BEF-96CC-495C-AE32-15D143969A97}"
EndProject
Project("{FAE04EC0-301F-11D3-BF4B-00C04F79EFBC}") = "UI", "UI\UI.csproj", "{8A126999-946A-4B3E-88E3-46AE0EB9D85E}"
EndProject
Global
	GlobalSection(SolutionConfigurationPlatforms) = preSolution
		Debug|Any CPU = Debug|Any CPU
		Release|Any CPU = Release|Any CPU
	EndGlobalSection
	GlobalSection(ProjectConfigurationPlatforms) = postSolution
		{0FC6089A-1C2C-42C8-A09C-5885F0C3592C}.Debug|Any CPU.ActiveCfg = Debug|Any CPU
		{0FC6089A-1C2C-42C8-A09C-5885F0C3592C}.Debug|Any CPU.Build.0 = Debug|Any CPU
		{0FC6089A-1C2C-42C8-A09C-5885F0C3592C}.Release|Any CPU.ActiveCfg = Release|Any CPU
		{0FC6089A-1C2C-42C8-A09C-5885F0C3592C}.Release|Any CPU.Build.0 = Release|Any CPU
		{1DA84BEF-96CC-495C-AE32-15D143969A97}.Debug|Any CPU.ActiveCfg = Debug|Any CPU
		{1DA84BEF-96CC-495C-AE32-15D143969A97}.Debug|Any CPU.Build.0 = Debug|Any CPU
		{1DA84BEF-96CC-495C-AE32-15D143969A97}.Release|Any CPU.ActiveCfg = Release|Any CPU
		{1DA84BEF-96CC-495C-AE32-15D143969A97}.Release|Any CPU.Build.0 = Release|Any CPU
		{8A126999-946A-4B3E-88E3-46AE0EB9D85E}.Debug|Any CPU.ActiveCfg = Debug|Any CPU
		{8A126999-946A-4B3E-88E3-46AE0EB9D85E}.Debug|Any CPU.Build.0 = Debug|Any CPU
		{8A126999-946A-4B3E-88E3-46AE0EB9D85E}.Release|Any CPU.ActiveCfg = Release|Any CPU
		{8A126999-946A-4B3E-88E3-46AE0EB9D85E}.Release|Any CPU.Build.0 = Release|Any CPU
	EndGlobalSection
	GlobalSection(SolutionProperties) = preSolution
		HideSolutionNode = FALSE
	EndGlobalSection
	GlobalSection(ExtensibilityGlobals) = postSolution
		SolutionGuid = {F2E45695-7B20-4B42-BCB7-C77B21D2A2BC}
	EndGlobalSection
EndGlobal
